
Microsoft Visual Studio Solution File, Format Version 11.00
# Visual Studio 2010
Project("{FAE04EC0-301F-11D3-BF4B-00C04F79EFBC}") = "VuforiaScripts", "VuforiaScripts.csproj", "{234D040A-5C0E-4656-082C-2274BCA41526}"
EndProject
Project("{FAE04EC0-301F-11D3-BF4B-00C04F79EFBC}") = "Assembly-CSharp", "Assembly-CSharp.csproj", "{794C2529-35AE-410C-72C4-F0ED2E34060C}"
EndProject
Project("{FAE04EC0-301F-11D3-BF4B-00C04F79EFBC}") = "VuforiaEditorScripts", "VuforiaEditorScripts.csproj", "{EF86E97D-D6FC-3D7B-571F-1305A320019B}"
EndProject
Global
	GlobalSection(SolutionConfigurationPlatforms) = preSolution
		Debug|Any CPU = Debug|Any CPU
		Release|Any CPU = Release|Any CPU
	EndGlobalSection
	GlobalSection(ProjectConfigurationPlatforms) = postSolution
		{234D040A-5C0E-4656-082C-2274BCA41526}.Debug|Any CPU.ActiveCfg = Debug|Any CPU
		{234D040A-5C0E-4656-082C-2274BCA41526}.Debug|Any CPU.Build.0 = Debug|Any CPU
		{234D040A-5C0E-4656-082C-2274BCA41526}.Release|Any CPU.ActiveCfg = Release|Any CPU
		{234D040A-5C0E-4656-082C-2274BCA41526}.Release|Any CPU.Build.0 = Release|Any CPU
		{794C2529-35AE-410C-72C4-F0ED2E34060C}.Debug|Any CPU.ActiveCfg = Debug|Any CPU
		{794C2529-35AE-410C-72C4-F0ED2E34060C}.Debug|Any CPU.Build.0 = Debug|Any CPU
		{794C2529-35AE-410C-72C4-F0ED2E34060C}.Release|Any CPU.ActiveCfg = Release|Any CPU
		{794C2529-35AE-410C-72C4-F0ED2E34060C}.Release|Any CPU.Build.0 = Release|Any CPU
		{EF86E97D-D6FC-3D7B-571F-1305A320019B}.Debug|Any CPU.ActiveCfg = Debug|Any CPU
		{EF86E97D-D6FC-3D7B-571F-1305A320019B}.Debug|Any CPU.Build.0 = Debug|Any CPU
		{EF86E97D-D6FC-3D7B-571F-1305A320019B}.Release|Any CPU.ActiveCfg = Release|Any CPU
		{EF86E97D-D6FC-3D7B-571F-1305A320019B}.Release|Any CPU.Build.0 = Release|Any CPU
	EndGlobalSection
	GlobalSection(SolutionProperties) = preSolution
		HideSolutionNode = FALSE
	EndGlobalSection
	GlobalSection(MonoDevelopProperties) = preSolution
		StartupItem = Assembly-CSharp.csproj
	EndGlobalSection
EndGlobal
