
Microsoft Visual Studio Solution File, Format Version 11.00
# Visual Studio 2010
Project("{FAE04EC0-301F-11D3-BF4B-00C04F79EFBC}") = "VuforiaScripts", "VuforiaScripts.csproj", "{FB113212-A27D-C54C-2CA3-BB9E250D32E0}"
EndProject
Project("{FAE04EC0-301F-11D3-BF4B-00C04F79EFBC}") = "VuforiaEditorScripts", "VuforiaEditorScripts.csproj", "{47C6ABC4-BD07-EF65-8680-71F3F799EDD8}"
EndProject
Global
	GlobalSection(SolutionConfigurationPlatforms) = preSolution
		Debug|Any CPU = Debug|Any CPU
		Release|Any CPU = Release|Any CPU
	EndGlobalSection
	GlobalSection(ProjectConfigurationPlatforms) = postSolution
		{FB113212-A27D-C54C-2CA3-BB9E250D32E0}.Debug|Any CPU.ActiveCfg = Debug|Any CPU
		{FB113212-A27D-C54C-2CA3-BB9E250D32E0}.Debug|Any CPU.Build.0 = Debug|Any CPU
		{FB113212-A27D-C54C-2CA3-BB9E250D32E0}.Release|Any CPU.ActiveCfg = Release|Any CPU
		{FB113212-A27D-C54C-2CA3-BB9E250D32E0}.Release|Any CPU.Build.0 = Release|Any CPU
		{47C6ABC4-BD07-EF65-8680-71F3F799EDD8}.Debug|Any CPU.ActiveCfg = Debug|Any CPU
		{47C6ABC4-BD07-EF65-8680-71F3F799EDD8}.Debug|Any CPU.Build.0 = Debug|Any CPU
		{47C6ABC4-BD07-EF65-8680-71F3F799EDD8}.Release|Any CPU.ActiveCfg = Release|Any CPU
		{47C6ABC4-BD07-EF65-8680-71F3F799EDD8}.Release|Any CPU.Build.0 = Release|Any CPU
	EndGlobalSection
	GlobalSection(SolutionProperties) = preSolution
		HideSolutionNode = FALSE
	EndGlobalSection
	GlobalSection(MonoDevelopProperties) = preSolution
		StartupItem = Assembly-CSharp.csproj
	EndGlobalSection
EndGlobal
